
Microsoft Visual Studio Solution File, Format Version 12.00
# Visual Studio 2013
VisualStudioVersion = 12.0.31101.0
MinimumVisualStudioVersion = 10.0.40219.1
Project("{FAE04EC0-301F-11D3-BF4B-00C04F79EFBC}") = "ScanTDTResults", "ScanTDTResults\ScanTDTResults.csproj", "{DC4ECE3B-55C0-4AA2-9E7B-FD29054E1BAD}"
EndProject
Global
	GlobalSection(SolutionConfigurationPlatforms) = preSolution
		Debug|x86 = Debug|x86
		Release|x86 = Release|x86
	EndGlobalSection
	GlobalSection(ProjectConfigurationPlatforms) = postSolution
		{DC4ECE3B-55C0-4AA2-9E7B-FD29054E1BAD}.Debug|x86.ActiveCfg = Debug|x86
		{DC4ECE3B-55C0-4AA2-9E7B-FD29054E1BAD}.Debug|x86.Build.0 = Debug|x86
		{DC4ECE3B-55C0-4AA2-9E7B-FD29054E1BAD}.Release|x86.ActiveCfg = Release|x86
		{DC4ECE3B-55C0-4AA2-9E7B-FD29054E1BAD}.Release|x86.Build.0 = Release|x86
	EndGlobalSection
	GlobalSection(SolutionProperties) = preSolution
		HideSolutionNode = FALSE
	EndGlobalSection
EndGlobal
